<?xml version="1.0" encoding="utf-8"?>
<!--
xmake version 2.7.9+HEAD.c87922676

  This file is auto generated by xmake.

  Please DO NOT EDIT since all your modification will lost after re-generation.
  See https://github.com/xmake-io/xmake/pull/472 for more infomation.
-->
<Project ToolsVersion="4.0" xmlns="http://schemas.microsoft.com/developer/msbuild/2003">
  <ItemGroup>
    <Filter Include="Properties">
      <UniqueIdentifier>{CC7C6180-942D-056E-3227-E6A2B3FB19CD}</UniqueIdentifier>
    </Filter>
    <Filter Include="core">
      <UniqueIdentifier>{083EDF23-82F7-444D-94A5-BD43416DB1A5}</UniqueIdentifier>
    </Filter>
    <Filter Include="core\memory">
      <UniqueIdentifier>{DE21179D-D0BC-411F-BF8B-03FA6CF5B695}</UniqueIdentifier>
    </Filter>
    <Filter Include="editor">
      <UniqueIdentifier>{DF095500-F9AD-4152-9316-1D18AC7DF153}</UniqueIdentifier>
    </Filter>
    <Filter Include="editor\src">
      <UniqueIdentifier>{6156F01A-D544-4CE3-BE66-7E07E1A78636}</UniqueIdentifier>
    </Filter>

  </ItemGroup>
  <ItemGroup>
    <None Include="$(MSBuildProjectDirectory)\Xmake.Custom.props">
      <Filter>Properties</Filter>
    </None>
    <None Include="$(MSBuildProjectDirectory)\Xmake.Custom.targets">
      <Filter>Properties</Filter>
    </None>
    <None Include="$(MSBuildProjectDirectory)\Xmake.Custom.items">
      <Filter>Properties</Filter>
    </None>
    <None Include="$(MSBuildProjectDirectory)\Xmake.Custom.items.filters">
      <Filter>Properties</Filter>
    </None>
    <None Include="$(XmakeScriptDir)\xmake.lua">
      <Filter>Properties</Filter>
    </None>
  </ItemGroup>
  <ItemGroup>


  </ItemGroup>
  <ItemGroup>

    <ClCompile Include="$(XmakeProjectDir)\editor\src\main.cc">
      <Filter>editor\src</Filter>
    </ClCompile>

    <None Include="$(XmakeProjectDir)\core\core.ixx">
      <Filter>core</Filter>
    </None>
    <None Include="$(XmakeProjectDir)\core\log.ixx">
      <Filter>core</Filter>
    </None>
    <None Include="$(XmakeProjectDir)\core\memory\heap.ixx">
      <Filter>core\memory</Filter>
    </None>
    <None Include="$(XmakeProjectDir)\core\memory\malloc.ixx">
      <Filter>core\memory</Filter>
    </None>
    <None Include="$(XmakeProjectDir)\core\memory\memory.ixx">
      <Filter>core\memory</Filter>
    </None>
    <None Include="$(XmakeProjectDir)\core\os.ixx">
      <Filter>core</Filter>
    </None>
    <None Include="$(XmakeProjectDir)\core\world.ixx">
      <Filter>core</Filter>
    </None>
    <None Include="$(XmakeProjectDir)\core\xox.ixx">
      <Filter>core</Filter>
    </None>


  </ItemGroup>
  <ItemGroup>

  </ItemGroup>
  <ItemGroup>


  </ItemGroup>
  <Import Condition="Exists('$(MSBuildThisFileDirectory)\Xmake.Custom.files.filters')"
    Project="$(MSBuildThisFileDirectory)\Xmake.Custom.files.filters" />
</Project>
